
Microsoft Visual Studio Solution File, Format Version 12.00
# Visual Studio Version 17
VisualStudioVersion = 17.11.35327.3
MinimumVisualStudioVersion = 10.0.40219.1
Project("{FAE04EC0-301F-11D3-BF4B-00C04F79EFBC}") = "src", "src\src.csproj", "{6A64C3C0-7242-4347-8FDF-9EA13A1BE1FC}"
EndProject
Global
	GlobalSection(SolutionConfigurationPlatforms) = preSolution
		Debug|Any CPU = Debug|Any CPU
		Release|Any CPU = Release|Any CPU
	EndGlobalSection
	GlobalSection(ProjectConfigurationPlatforms) = postSolution
		{6A64C3C0-7242-4347-8FDF-9EA13A1BE1FC}.Debug|Any CPU.ActiveCfg = Debug|Any CPU
		{6A64C3C0-7242-4347-8FDF-9EA13A1BE1FC}.Debug|Any CPU.Build.0 = Debug|Any CPU
		{6A64C3C0-7242-4347-8FDF-9EA13A1BE1FC}.Release|Any CPU.ActiveCfg = Release|Any CPU
		{6A64C3C0-7242-4347-8FDF-9EA13A1BE1FC}.Release|Any CPU.Build.0 = Release|Any CPU
	EndGlobalSection
	GlobalSection(SolutionProperties) = preSolution
		HideSolutionNode = FALSE
	EndGlobalSection
	GlobalSection(ExtensibilityGlobals) = postSolution
		SolutionGuid = {DE95D596-A5FE-49DB-B961-D3BA1FD92920}
	EndGlobalSection
EndGlobal
