
Microsoft Visual Studio Solution File, Format Version 12.00
# Visual Studio Version 17
VisualStudioVersion = 17.9.34622.214
MinimumVisualStudioVersion = 10.0.40219.1
Project("{FAE04EC0-301F-11D3-BF4B-00C04F79EFBC}") = "BattleshipGP", "BattleshipGP.csproj", "{E7D45DCD-CC86-4FE8-B174-CA67AD689614}"
EndProject
Global
	GlobalSection(SolutionConfigurationPlatforms) = preSolution
		Debug|Any CPU = Debug|Any CPU
		Release|Any CPU = Release|Any CPU
	EndGlobalSection
	GlobalSection(ProjectConfigurationPlatforms) = postSolution
		{E7D45DCD-CC86-4FE8-B174-CA67AD689614}.Debug|Any CPU.ActiveCfg = Debug|Any CPU
		{E7D45DCD-CC86-4FE8-B174-CA67AD689614}.Debug|Any CPU.Build.0 = Debug|Any CPU
		{E7D45DCD-CC86-4FE8-B174-CA67AD689614}.Release|Any CPU.ActiveCfg = Release|Any CPU
		{E7D45DCD-CC86-4FE8-B174-CA67AD689614}.Release|Any CPU.Build.0 = Release|Any CPU
	EndGlobalSection
	GlobalSection(SolutionProperties) = preSolution
		HideSolutionNode = FALSE
	EndGlobalSection
	GlobalSection(ExtensibilityGlobals) = postSolution
		SolutionGuid = {C0568CA6-4D83-4CC6-9397-37F63D0CCB38}
	EndGlobalSection
EndGlobal
