
Microsoft Visual Studio Solution File, Format Version 12.00
# Visual Studio Version 17
VisualStudioVersion = 17.11.35327.3
MinimumVisualStudioVersion = 10.0.40219.1
Project("{FAE04EC0-301F-11D3-BF4B-00C04F79EFBC}") = "src", "src\src.csproj", "{C92EEA72-5494-4567-B70F-9063B1AA4F15}"
EndProject
Global
	GlobalSection(SolutionConfigurationPlatforms) = preSolution
		Debug|Any CPU = Debug|Any CPU
		Release|Any CPU = Release|Any CPU
	EndGlobalSection
	GlobalSection(ProjectConfigurationPlatforms) = postSolution
		{C92EEA72-5494-4567-B70F-9063B1AA4F15}.Debug|Any CPU.ActiveCfg = Debug|Any CPU
		{C92EEA72-5494-4567-B70F-9063B1AA4F15}.Debug|Any CPU.Build.0 = Debug|Any CPU
		{C92EEA72-5494-4567-B70F-9063B1AA4F15}.Release|Any CPU.ActiveCfg = Release|Any CPU
		{C92EEA72-5494-4567-B70F-9063B1AA4F15}.Release|Any CPU.Build.0 = Release|Any CPU
	EndGlobalSection
	GlobalSection(SolutionProperties) = preSolution
		HideSolutionNode = FALSE
	EndGlobalSection
	GlobalSection(ExtensibilityGlobals) = postSolution
		SolutionGuid = {90A93871-6AE6-4F8B-892C-9E6124BC0628}
	EndGlobalSection
EndGlobal
